
Microsoft Visual Studio Solution File, Format Version 12.00
# Visual Studio Version 16
VisualStudioVersion = 16.0.30204.135
MinimumVisualStudioVersion = 10.0.40219.1
Project("{FAE04EC0-301F-11D3-BF4B-00C04F79EFBC}") = "SampleConsole1", "SampleConsole1\SampleConsole1.csproj", "{7D5ABD7E-39F2-4BB3-8BE4-DAB8870B35A5}"
EndProject
Global
	GlobalSection(SolutionConfigurationPlatforms) = preSolution
		Debug|Any CPU = Debug|Any CPU
		Release|Any CPU = Release|Any CPU
	EndGlobalSection
	GlobalSection(ProjectConfigurationPlatforms) = postSolution
		{7D5ABD7E-39F2-4BB3-8BE4-DAB8870B35A5}.Debug|Any CPU.ActiveCfg = Debug|Any CPU
		{7D5ABD7E-39F2-4BB3-8BE4-DAB8870B35A5}.Debug|Any CPU.Build.0 = Debug|Any CPU
		{7D5ABD7E-39F2-4BB3-8BE4-DAB8870B35A5}.Release|Any CPU.ActiveCfg = Release|Any CPU
		{7D5ABD7E-39F2-4BB3-8BE4-DAB8870B35A5}.Release|Any CPU.Build.0 = Release|Any CPU
	EndGlobalSection
	GlobalSection(SolutionProperties) = preSolution
		HideSolutionNode = FALSE
	EndGlobalSection
	GlobalSection(ExtensibilityGlobals) = postSolution
		SolutionGuid = {C34945B9-7C8B-48FC-A785-F51BA6225637}
	EndGlobalSection
EndGlobal
